
Microsoft Visual Studio Solution File, Format Version 12.00
# Visual Studio Version 16
VisualStudioVersion = 16.0.32126.315
MinimumVisualStudioVersion = 10.0.40219.1
Project("{FAE04EC0-301F-11D3-BF4B-00C04F79EFBC}") = "ReizTech_ClockAssignment", "ReizTech_ClockAssignment\ReizTech_ClockAssignment.csproj", "{635D0EC0-EAF8-42AE-8DB1-B5D1D86CBC1D}"
EndProject
Global
	GlobalSection(SolutionConfigurationPlatforms) = preSolution
		Debug|Any CPU = Debug|Any CPU
		Release|Any CPU = Release|Any CPU
	EndGlobalSection
	GlobalSection(ProjectConfigurationPlatforms) = postSolution
		{635D0EC0-EAF8-42AE-8DB1-B5D1D86CBC1D}.Debug|Any CPU.ActiveCfg = Debug|Any CPU
		{635D0EC0-EAF8-42AE-8DB1-B5D1D86CBC1D}.Debug|Any CPU.Build.0 = Debug|Any CPU
		{635D0EC0-EAF8-42AE-8DB1-B5D1D86CBC1D}.Release|Any CPU.ActiveCfg = Release|Any CPU
		{635D0EC0-EAF8-42AE-8DB1-B5D1D86CBC1D}.Release|Any CPU.Build.0 = Release|Any CPU
	EndGlobalSection
	GlobalSection(SolutionProperties) = preSolution
		HideSolutionNode = FALSE
	EndGlobalSection
	GlobalSection(ExtensibilityGlobals) = postSolution
		SolutionGuid = {C6C92132-AD1A-4C84-BF80-ECDC12172F1A}
	EndGlobalSection
EndGlobal
